
Microsoft Visual Studio Solution File, Format Version 12.00
# Visual Studio Version 17
VisualStudioVersion = 17.4.33213.308
MinimumVisualStudioVersion = 10.0.40219.1
Project("{9A19103F-16F7-4668-BE54-9A1E7A4F7556}") = "AdventureWorksAPI", "QyonAdventureWorks\AdventureWorksAPI.csproj", "{8F3152ED-9533-433A-AF65-8B012F3ACA4A}"
EndProject
Project("{2150E333-8FDC-42A3-9474-1A3956D46DE8}") = "API", "API", "{DDC51BEB-F758-4CCB-87FE-D99D3B142FFC}"
EndProject
Project("{2150E333-8FDC-42A3-9474-1A3956D46DE8}") = "Application", "Application", "{58E281D3-1D78-4247-A331-E1BBCC174CA5}"
EndProject
Project("{2150E333-8FDC-42A3-9474-1A3956D46DE8}") = "Domain", "Domain", "{B7D1651C-423D-4035-B53E-BB6E4377A232}"
EndProject
Project("{2150E333-8FDC-42A3-9474-1A3956D46DE8}") = "Infrastructure", "Infrastructure", "{68BB7C03-16A7-4841-ADF5-D91C38221E9B}"
EndProject
Project("{2150E333-8FDC-42A3-9474-1A3956D46DE8}") = "Services", "Services", "{F48B54AF-9F85-470A-BDEF-E3DFE860D8F4}"
EndProject
Project("{9A19103F-16F7-4668-BE54-9A1E7A4F7556}") = "AdventureWorks.Data", "Data\AdventureWorks.Data.csproj", "{F35FA46F-7B6A-4841-BD54-6D99E7F0B7A9}"
EndProject
Project("{9A19103F-16F7-4668-BE54-9A1E7A4F7556}") = "AdventureWorks.Services", "AdventureWorks.Services\AdventureWorks.Services.csproj", "{8D3DF520-241A-47DA-B793-E7E64B52C99D}"
EndProject
Project("{9A19103F-16F7-4668-BE54-9A1E7A4F7556}") = "AdventureWorks.Domain", "AdventureWorks.Domain\AdventureWorks.Domain.csproj", "{B5D1662D-3F33-411D-A2E5-2FE74D46470B}"
EndProject
Project("{9A19103F-16F7-4668-BE54-9A1E7A4F7556}") = "AdventureWorks.Application", "AdventureWorks.Application\AdventureWorks.Application.csproj", "{EDBF964C-CD67-4559-B24D-940E5A214850}"
EndProject
Project("{2150E333-8FDC-42A3-9474-1A3956D46DE8}") = "SQL_Scripts", "SQL_Scripts", "{C6645F32-33FA-43FE-A130-AA0CA9D7F820}"
	ProjectSection(SolutionItems) = preProject
		..\Nova pasta\Create Table Competitors.sql = ..\Nova pasta\Create Table Competitors.sql
		..\Nova pasta\Create Table RaceHistory.sql = ..\Nova pasta\Create Table RaceHistory.sql
		..\Nova pasta\Create Table RaceTrack.sql = ..\Nova pasta\Create Table RaceTrack.sql
	EndProjectSection
EndProject
Global
	GlobalSection(SolutionConfigurationPlatforms) = preSolution
		Debug|Any CPU = Debug|Any CPU
		Release|Any CPU = Release|Any CPU
	EndGlobalSection
	GlobalSection(ProjectConfigurationPlatforms) = postSolution
		{8F3152ED-9533-433A-AF65-8B012F3ACA4A}.Debug|Any CPU.ActiveCfg = Debug|Any CPU
		{8F3152ED-9533-433A-AF65-8B012F3ACA4A}.Debug|Any CPU.Build.0 = Debug|Any CPU
		{8F3152ED-9533-433A-AF65-8B012F3ACA4A}.Release|Any CPU.ActiveCfg = Release|Any CPU
		{8F3152ED-9533-433A-AF65-8B012F3ACA4A}.Release|Any CPU.Build.0 = Release|Any CPU
		{F35FA46F-7B6A-4841-BD54-6D99E7F0B7A9}.Debug|Any CPU.ActiveCfg = Debug|Any CPU
		{F35FA46F-7B6A-4841-BD54-6D99E7F0B7A9}.Debug|Any CPU.Build.0 = Debug|Any CPU
		{F35FA46F-7B6A-4841-BD54-6D99E7F0B7A9}.Release|Any CPU.ActiveCfg = Release|Any CPU
		{F35FA46F-7B6A-4841-BD54-6D99E7F0B7A9}.Release|Any CPU.Build.0 = Release|Any CPU
		{8D3DF520-241A-47DA-B793-E7E64B52C99D}.Debug|Any CPU.ActiveCfg = Debug|Any CPU
		{8D3DF520-241A-47DA-B793-E7E64B52C99D}.Debug|Any CPU.Build.0 = Debug|Any CPU
		{8D3DF520-241A-47DA-B793-E7E64B52C99D}.Release|Any CPU.ActiveCfg = Release|Any CPU
		{8D3DF520-241A-47DA-B793-E7E64B52C99D}.Release|Any CPU.Build.0 = Release|Any CPU
		{B5D1662D-3F33-411D-A2E5-2FE74D46470B}.Debug|Any CPU.ActiveCfg = Debug|Any CPU
		{B5D1662D-3F33-411D-A2E5-2FE74D46470B}.Debug|Any CPU.Build.0 = Debug|Any CPU
		{B5D1662D-3F33-411D-A2E5-2FE74D46470B}.Release|Any CPU.ActiveCfg = Release|Any CPU
		{B5D1662D-3F33-411D-A2E5-2FE74D46470B}.Release|Any CPU.Build.0 = Release|Any CPU
		{EDBF964C-CD67-4559-B24D-940E5A214850}.Debug|Any CPU.ActiveCfg = Debug|Any CPU
		{EDBF964C-CD67-4559-B24D-940E5A214850}.Debug|Any CPU.Build.0 = Debug|Any CPU
		{EDBF964C-CD67-4559-B24D-940E5A214850}.Release|Any CPU.ActiveCfg = Release|Any CPU
		{EDBF964C-CD67-4559-B24D-940E5A214850}.Release|Any CPU.Build.0 = Release|Any CPU
	EndGlobalSection
	GlobalSection(SolutionProperties) = preSolution
		HideSolutionNode = FALSE
	EndGlobalSection
	GlobalSection(NestedProjects) = preSolution
		{8F3152ED-9533-433A-AF65-8B012F3ACA4A} = {DDC51BEB-F758-4CCB-87FE-D99D3B142FFC}
		{F35FA46F-7B6A-4841-BD54-6D99E7F0B7A9} = {68BB7C03-16A7-4841-ADF5-D91C38221E9B}
		{8D3DF520-241A-47DA-B793-E7E64B52C99D} = {F48B54AF-9F85-470A-BDEF-E3DFE860D8F4}
		{B5D1662D-3F33-411D-A2E5-2FE74D46470B} = {B7D1651C-423D-4035-B53E-BB6E4377A232}
		{EDBF964C-CD67-4559-B24D-940E5A214850} = {58E281D3-1D78-4247-A331-E1BBCC174CA5}
	EndGlobalSection
	GlobalSection(ExtensibilityGlobals) = postSolution
		SolutionGuid = {BFD861F0-087A-444D-BFBA-61335EF2C430}
	EndGlobalSection
EndGlobal
